<?xml version="1.0" encoding="utf-8"?>
<Project ToolsVersion="4.0" xmlns="http://schemas.microsoft.com/developer/msbuild/2003">
  <ItemGroup>
    <Filter Include="Header Files">
      <UniqueIdentifier>{47130a92-4fb3-4857-ab31-f19c493a9e0a}</UniqueIdentifier>
    </Filter>
    <Filter Include="Source Files">
      <UniqueIdentifier>{058a5339-a872-4c59-b846-c7b97992b9d4}</UniqueIdentifier>
    </Filter>
  </ItemGroup>
  <ItemGroup>
    <ClInclude Include="..\3rd Party\rapidxml\rapidxml.hpp">
      <Filter>Header Files</Filter>
    </ClInclude>
    <ClInclude Include="..\3rd Party\rapidxml\rapidxml_iterators.hpp">
      <Filter>Header Files</Filter>
    </ClInclude>
    <ClInclude Include="..\3rd Party\rapidxml\rapidxml_print.hpp">
      <Filter>Header Files</Filter>
    </ClInclude>
    <ClInclude Include="..\3rd Party\rapidxml\rapidxml_utils.hpp">
      <Filter>Header Files</Filter>
    </ClInclude>
  </ItemGroup>
  <ItemGroup>
    <Text Include="..\3rd Party\rapidxml\license.txt">
      <Filter>Source Files</Filter>
    </Text>
  </ItemGroup>
  <ItemGroup>
    <None Include="..\3rd Party\rapidxml\manual.html">
      <Filter>Source Files</Filter>
    </None>
  </ItemGroup>
</Project>