<?xml version="1.0" encoding="utf-8"?>
<Project ToolsVersion="4.0" xmlns="http://schemas.microsoft.com/developer/msbuild/2003">
  <ItemGroup>
    <Filter Include="Header Files">
      <UniqueIdentifier>{1329af54-cc28-475b-9f26-86d7c4d12fac}</UniqueIdentifier>
    </Filter>
    <Filter Include="Source Files">
      <UniqueIdentifier>{3c973cf1-cd9e-4f02-9d6e-ce77237ac67a}</UniqueIdentifier>
    </Filter>
    <Filter Include="Header Files\Stm32CortexM4">
      <UniqueIdentifier>{21c41fd3-f88c-4646-b8a4-2346eb25d04a}</UniqueIdentifier>
    </Filter>
    <Filter Include="Source Files\StmCortexM4">
      <UniqueIdentifier>{87f9c592-0a34-4851-ad29-14df71dfe928}</UniqueIdentifier>
    </Filter>
    <Filter Include="Source Files\Library">
      <UniqueIdentifier>{fafc2ac7-af93-4f75-90ee-bd1c2ada32a6}</UniqueIdentifier>
    </Filter>
    <Filter Include="Header Files\Library">
      <UniqueIdentifier>{e921aba6-08ff-447d-b52c-926fea24607f}</UniqueIdentifier>
    </Filter>
  </ItemGroup>
  <ItemGroup>
    <ClInclude Include="Stm32CortexM4\FreeRTOSConfig.h">
      <Filter>Header Files\Stm32CortexM4</Filter>
    </ClInclude>
    <ClInclude Include="Stm32CortexM4\portmacro.h">
      <Filter>Header Files\Stm32CortexM4</Filter>
    </ClInclude>
    <ClInclude Include="..\..\..\..\common\SharedLibraries\FreeRTOS\Source\include\croutine.h">
      <Filter>Header Files\Library</Filter>
    </ClInclude>
    <ClInclude Include="..\..\..\..\common\SharedLibraries\FreeRTOS\Source\include\FreeRTOS.h">
      <Filter>Header Files\Library</Filter>
    </ClInclude>
    <ClInclude Include="..\..\..\..\common\SharedLibraries\FreeRTOS\Source\include\list.h">
      <Filter>Header Files\Library</Filter>
    </ClInclude>
    <ClInclude Include="..\..\..\..\common\SharedLibraries\FreeRTOS\Source\include\mpu_wrappers.h">
      <Filter>Header Files\Library</Filter>
    </ClInclude>
    <ClInclude Include="..\..\..\..\common\SharedLibraries\FreeRTOS\Source\include\portable.h">
      <Filter>Header Files\Library</Filter>
    </ClInclude>
    <ClInclude Include="..\..\..\..\common\SharedLibraries\FreeRTOS\Source\include\projdefs.h">
      <Filter>Header Files\Library</Filter>
    </ClInclude>
    <ClInclude Include="..\..\..\..\common\SharedLibraries\FreeRTOS\Source\include\queue.h">
      <Filter>Header Files\Library</Filter>
    </ClInclude>
    <ClInclude Include="..\..\..\..\common\SharedLibraries\FreeRTOS\Source\include\semphr.h">
      <Filter>Header Files\Library</Filter>
    </ClInclude>
    <ClInclude Include="..\..\..\..\common\SharedLibraries\FreeRTOS\Source\include\StackMacros.h">
      <Filter>Header Files\Library</Filter>
    </ClInclude>
    <ClInclude Include="..\..\..\..\common\SharedLibraries\FreeRTOS\Source\include\task.h">
      <Filter>Header Files\Library</Filter>
    </ClInclude>
    <ClInclude Include="..\..\..\..\common\SharedLibraries\FreeRTOS\Source\include\timers.h">
      <Filter>Header Files\Library</Filter>
    </ClInclude>
  </ItemGroup>
  <ItemGroup>
    <ClCompile Include="Stm32CortexM4\heap_4.c">
      <Filter>Source Files\StmCortexM4</Filter>
    </ClCompile>
    <ClCompile Include="Stm32CortexM4\port.c">
      <Filter>Source Files\StmCortexM4</Filter>
    </ClCompile>
    <ClCompile Include="..\..\..\..\common\SharedLibraries\FreeRTOS\Source\croutine.c">
      <Filter>Source Files\Library</Filter>
    </ClCompile>
    <ClCompile Include="..\..\..\..\common\SharedLibraries\FreeRTOS\Source\list.c">
      <Filter>Source Files\Library</Filter>
    </ClCompile>
    <ClCompile Include="..\..\..\..\common\SharedLibraries\FreeRTOS\Source\queue.c">
      <Filter>Source Files\Library</Filter>
    </ClCompile>
    <ClCompile Include="..\..\..\..\common\SharedLibraries\FreeRTOS\Source\tasks.c">
      <Filter>Source Files\Library</Filter>
    </ClCompile>
    <ClCompile Include="..\..\..\..\common\SharedLibraries\FreeRTOS\Source\timers.c">
      <Filter>Source Files\Library</Filter>
    </ClCompile>
  </ItemGroup>
</Project>