<?xml version="1.0" encoding="utf-8"?>
<Project ToolsVersion="4.0" xmlns="http://schemas.microsoft.com/developer/msbuild/2003">
  <ItemGroup>
    <Filter Include="Header Files">
      <UniqueIdentifier>{a3a14120-f17c-442e-8d71-8fbb58008b48}</UniqueIdentifier>
    </Filter>
    <Filter Include="Source Files">
      <UniqueIdentifier>{39a6916d-99c5-4d6a-a7b2-6032b1d0bf11}</UniqueIdentifier>
    </Filter>
    <Filter Include="Source Files\RTOS_FreeRTOS">
      <UniqueIdentifier>{b9e1d1c3-0670-4d9c-ad29-e3cf36cc1488}</UniqueIdentifier>
    </Filter>
    <Filter Include="Header Files\RTOS">
      <UniqueIdentifier>{039c4fa9-fa10-48da-9b2f-fa869a5e0d8b}</UniqueIdentifier>
    </Filter>
  </ItemGroup>
  <ItemGroup>
    <ClInclude Include="..\..\..\CMSIS\Include\core_cm4.h">
      <Filter>Header Files</Filter>
    </ClInclude>
    <ClInclude Include="..\..\..\CMSIS\Include\core_cm4_simd.h">
      <Filter>Header Files</Filter>
    </ClInclude>
    <ClInclude Include="..\..\..\CMSIS\Include\core_cmFunc.h">
      <Filter>Header Files</Filter>
    </ClInclude>
    <ClInclude Include="..\..\..\CMSIS\Include\core_cmInstr.h">
      <Filter>Header Files</Filter>
    </ClInclude>
    <ClInclude Include="..\..\..\CMSIS\RTOS_1.02\cmsis_os.h">
      <Filter>Header Files\RTOS</Filter>
    </ClInclude>
  </ItemGroup>
  <ItemGroup>
    <ClCompile Include="..\..\..\CMSIS\RTOS_1.02\FreeRTOS\cmsis_os.c">
      <Filter>Source Files\RTOS_FreeRTOS</Filter>
    </ClCompile>
  </ItemGroup>
</Project>