<?xml version="1.0" encoding="utf-8"?>
<Project ToolsVersion="4.0" xmlns="http://schemas.microsoft.com/developer/msbuild/2003">
  <ItemGroup>
    <Filter Include="Header Files">
      <UniqueIdentifier>{F0FAB1C9-8105-4e22-A432-D422DAB7444D}</UniqueIdentifier>
      <Extensions>h;hpp;hxx;hm;inl;inc;xsd</Extensions>
    </Filter>
    <Filter Include="Resource Files">
      <UniqueIdentifier>{A46F7E32-783A-4f93-8211-42EA175CEBBC}</UniqueIdentifier>
      <Extensions>rc;ico;cur;bmp;dlg;rc2;rct;bin;rgs;gif;jpg;jpeg;jpe;resx;tiff;tif;png;wav</Extensions>
    </Filter>
    <Filter Include="Source Files">
      <UniqueIdentifier>{17e88e74-15c8-46fa-a1d1-6ea1f1902da7}</UniqueIdentifier>
    </Filter>
    <Filter Include="Source Files\Network">
      <UniqueIdentifier>{b48c107f-556d-44fc-87e8-3124a03e1645}</UniqueIdentifier>
    </Filter>
    <Filter Include="Source Files\ZeroConf">
      <UniqueIdentifier>{e2294633-009e-43d8-8276-4c69adb3562c}</UniqueIdentifier>
    </Filter>
  </ItemGroup>
  <ItemGroup>
    <ClCompile Include="Ocp1HostInterfaceOcaLite.cpp">
      <Filter>Source Files</Filter>
    </ClCompile>
    <ClCompile Include="Network\OcaLiteOcp1Network.cpp">
      <Filter>Source Files\Network</Filter>
    </ClCompile>
    <ClCompile Include="Network\OcaLiteOcp1Socket.cpp">
      <Filter>Source Files\Network</Filter>
    </ClCompile>
    <ClCompile Include="ZeroConf\OcaLiteOcp1Service.cpp">
      <Filter>Source Files\ZeroConf</Filter>
    </ClCompile>
    <ClCompile Include="LwIPAdapterOcaLite.cpp">
      <Filter>Source Files</Filter>
    </ClCompile>
  </ItemGroup>
  <ItemGroup>
    <ClInclude Include="LwIPAdapterOcaLite.h">
      <Filter>Header Files</Filter>
    </ClInclude>
  </ItemGroup>
</Project>